// !$*UTF8*$!
{
	archiveVersion = 1;
	classes = {
	};
	objectVersion = 50;
	objects = {

/* Begin PBXBuildFile section */
		324C4A2522F08FB3004B770C /* TweetTableViewCell.swift in Sources */ = {isa = PBXBuildFile; fileRef = 324C4A2422F08FB3004B770C /* TweetTableViewCell.swift */; };
		32647E0A22F1F4E6003A3151 /* OrderTableViewController.swift in Sources */ = {isa = PBXBuildFile; fileRef = 32647E0922F1F4E6003A3151 /* OrderTableViewController.swift */; };
		32647E0C22F21338003A3151 /* OrderTableViewCell.swift in Sources */ = {isa = PBXBuildFile; fileRef = 32647E0B22F21338003A3151 /* OrderTableViewCell.swift */; };
		3284663922EF479500C15C62 /* AppDelegate.swift in Sources */ = {isa = PBXBuildFile; fileRef = 3284663822EF479500C15C62 /* AppDelegate.swift */; };
		3284663E22EF479500C15C62 /* Main.storyboard in Resources */ = {isa = PBXBuildFile; fileRef = 3284663C22EF479500C15C62 /* Main.storyboard */; };
		3284664022EF479900C15C62 /* Assets.xcassets in Resources */ = {isa = PBXBuildFile; fileRef = 3284663F22EF479900C15C62 /* Assets.xcassets */; };
		3284664322EF479900C15C62 /* LaunchScreen.storyboard in Resources */ = {isa = PBXBuildFile; fileRef = 3284664122EF479900C15C62 /* LaunchScreen.storyboard */; };
		3284664D22EF48EA00C15C62 /* TweetTableViewController.swift in Sources */ = {isa = PBXBuildFile; fileRef = 3284664C22EF48EA00C15C62 /* TweetTableViewController.swift */; };
		32A2CD3A22EF55D9008CC556 /* Twitter.framework in Frameworks */ = {isa = PBXBuildFile; fileRef = 32A2CD3922EF55D9008CC556 /* Twitter.framework */; };
		32A2CD3B22EF55D9008CC556 /* Twitter.framework in Embed Frameworks */ = {isa = PBXBuildFile; fileRef = 32A2CD3922EF55D9008CC556 /* Twitter.framework */; settings = {ATTRIBUTES = (CodeSignOnCopy, RemoveHeadersOnCopy, ); }; };
		32FFF8C122F0BE00002AA13F /* logo.png in Resources */ = {isa = PBXBuildFile; fileRef = 32FFF8C022F0BE00002AA13F /* logo.png */; };
/* End PBXBuildFile section */

/* Begin PBXCopyFilesBuildPhase section */
		32A2CD3C22EF55D9008CC556 /* Embed Frameworks */ = {
			isa = PBXCopyFilesBuildPhase;
			buildActionMask = 2147483647;
			dstPath = "";
			dstSubfolderSpec = 10;
			files = (
				32A2CD3B22EF55D9008CC556 /* Twitter.framework in Embed Frameworks */,
			);
			name = "Embed Frameworks";
			runOnlyForDeploymentPostprocessing = 0;
		};
/* End PBXCopyFilesBuildPhase section */

/* Begin PBXFileReference section */
		324C4A2422F08FB3004B770C /* TweetTableViewCell.swift */ = {isa = PBXFileReference; lastKnownFileType = sourcecode.swift; path = TweetTableViewCell.swift; sourceTree = "<group>"; };
		32647E0922F1F4E6003A3151 /* OrderTableViewController.swift */ = {isa = PBXFileReference; lastKnownFileType = sourcecode.swift; path = OrderTableViewController.swift; sourceTree = "<group>"; };
		32647E0B22F21338003A3151 /* OrderTableViewCell.swift */ = {isa = PBXFileReference; lastKnownFileType = sourcecode.swift; path = OrderTableViewCell.swift; sourceTree = "<group>"; };
		3284663522EF479500C15C62 /* TwitterDemo.app */ = {isa = PBXFileReference; explicitFileType = wrapper.application; includeInIndex = 0; path = TwitterDemo.app; sourceTree = BUILT_PRODUCTS_DIR; };
		3284663822EF479500C15C62 /* AppDelegate.swift */ = {isa = PBXFileReference; lastKnownFileType = sourcecode.swift; path = AppDelegate.swift; sourceTree = "<group>"; };
		3284663D22EF479500C15C62 /* Base */ = {isa = PBXFileReference; lastKnownFileType = file.storyboard; name = Base; path = Base.lproj/Main.storyboard; sourceTree = "<group>"; };
		3284663F22EF479900C15C62 /* Assets.xcassets */ = {isa = PBXFileReference; lastKnownFileType = folder.assetcatalog; path = Assets.xcassets; sourceTree = "<group>"; };
		3284664222EF479900C15C62 /* Base */ = {isa = PBXFileReference; lastKnownFileType = file.storyboard; name = Base; path = Base.lproj/LaunchScreen.storyboard; sourceTree = "<group>"; };
		3284664422EF479900C15C62 /* Info.plist */ = {isa = PBXFileReference; lastKnownFileType = text.plist.xml; path = Info.plist; sourceTree = "<group>"; };
		3284664C22EF48EA00C15C62 /* TweetTableViewController.swift */ = {isa = PBXFileReference; lastKnownFileType = sourcecode.swift; path = TweetTableViewController.swift; sourceTree = "<group>"; };
		32A2CD3922EF55D9008CC556 /* Twitter.framework */ = {isa = PBXFileReference; explicitFileType = wrapper.framework; path = Twitter.framework; sourceTree = BUILT_PRODUCTS_DIR; };
		32FFF8C022F0BE00002AA13F /* logo.png */ = {isa = PBXFileReference; lastKnownFileType = image.png; path = logo.png; sourceTree = SOURCE_ROOT; };
/* End PBXFileReference section */

/* Begin PBXFrameworksBuildPhase section */
		3284663222EF479500C15C62 /* Frameworks */ = {
			isa = PBXFrameworksBuildPhase;
			buildActionMask = 2147483647;
			files = (
				32A2CD3A22EF55D9008CC556 /* Twitter.framework in Frameworks */,
			);
			runOnlyForDeploymentPostprocessing = 0;
		};
/* End PBXFrameworksBuildPhase section */

/* Begin PBXGroup section */
		3284662C22EF479500C15C62 = {
			isa = PBXGroup;
			children = (
				32A2CD3922EF55D9008CC556 /* Twitter.framework */,
				3284663722EF479500C15C62 /* TwitterDemo */,
				3284663622EF479500C15C62 /* Products */,
			);
			sourceTree = "<group>";
		};
		3284663622EF479500C15C62 /* Products */ = {
			isa = PBXGroup;
			children = (
				3284663522EF479500C15C62 /* TwitterDemo.app */,
			);
			name = Products;
			sourceTree = "<group>";
		};
		3284663722EF479500C15C62 /* TwitterDemo */ = {
			isa = PBXGroup;
			children = (
				3284663C22EF479500C15C62 /* Main.storyboard */,
				32647E0B22F21338003A3151 /* OrderTableViewCell.swift */,
				3284664C22EF48EA00C15C62 /* TweetTableViewController.swift */,
				324C4A2422F08FB3004B770C /* TweetTableViewCell.swift */,
				3284664422EF479900C15C62 /* Info.plist */,
				32FFF8C022F0BE00002AA13F /* logo.png */,
				3284664B22EF47D300C15C62 /* Supporting Files */,
				32647E0922F1F4E6003A3151 /* OrderTableViewController.swift */,
			);
			path = TwitterDemo;
			sourceTree = "<group>";
		};
		3284664B22EF47D300C15C62 /* Supporting Files */ = {
			isa = PBXGroup;
			children = (
				3284663822EF479500C15C62 /* AppDelegate.swift */,
				3284663F22EF479900C15C62 /* Assets.xcassets */,
				3284664122EF479900C15C62 /* LaunchScreen.storyboard */,
			);
			path = "Supporting Files";
			sourceTree = "<group>";
		};
/* End PBXGroup section */

/* Begin PBXNativeTarget section */
		3284663422EF479500C15C62 /* TwitterDemo */ = {
			isa = PBXNativeTarget;
			buildConfigurationList = 3284664722EF479900C15C62 /* Build configuration list for PBXNativeTarget "TwitterDemo" */;
			buildPhases = (
				3284663122EF479500C15C62 /* Sources */,
				3284663222EF479500C15C62 /* Frameworks */,
				3284663322EF479500C15C62 /* Resources */,
				32A2CD3C22EF55D9008CC556 /* Embed Frameworks */,
			);
			buildRules = (
			);
			dependencies = (
			);
			name = TwitterDemo;
			productName = TwitterDemo;
			productReference = 3284663522EF479500C15C62 /* TwitterDemo.app */;
			productType = "com.apple.product-type.application";
		};
/* End PBXNativeTarget section */

/* Begin PBXProject section */
		3284662D22EF479500C15C62 /* Project object */ = {
			isa = PBXProject;
			attributes = {
				LastSwiftUpdateCheck = 1020;
				LastUpgradeCheck = 1020;
				ORGANIZATIONNAME = "Zachary Maciejewski";
				TargetAttributes = {
					3284663422EF479500C15C62 = {
						CreatedOnToolsVersion = 10.2.1;
					};
				};
			};
			buildConfigurationList = 3284663022EF479500C15C62 /* Build configuration list for PBXProject "TwitterDemo" */;
			compatibilityVersion = "Xcode 9.3";
			developmentRegion = en;
			hasScannedForEncodings = 0;
			knownRegions = (
				en,
				Base,
			);
			mainGroup = 3284662C22EF479500C15C62;
			productRefGroup = 3284663622EF479500C15C62 /* Products */;
			projectDirPath = "";
			projectRoot = "";
			targets = (
				3284663422EF479500C15C62 /* TwitterDemo */,
			);
		};
/* End PBXProject section */

/* Begin PBXResourcesBuildPhase section */
		3284663322EF479500C15C62 /* Resources */ = {
			isa = PBXResourcesBuildPhase;
			buildActionMask = 2147483647;
			files = (
				32FFF8C122F0BE00002AA13F /* logo.png in Resources */,
				3284664322EF479900C15C62 /* LaunchScreen.storyboard in Resources */,
				3284664022EF479900C15C62 /* Assets.xcassets in Resources */,
				3284663E22EF479500C15C62 /* Main.storyboard in Resources */,
			);
			runOnlyForDeploymentPostprocessing = 0;
		};
/* End PBXResourcesBuildPhase section */

/* Begin PBXSourcesBuildPhase section */
		3284663122EF479500C15C62 /* Sources */ = {
			isa = PBXSourcesBuildPhase;
			buildActionMask = 2147483647;
			files = (
				32647E0A22F1F4E6003A3151 /* OrderTableViewController.swift in Sources */,
				32647E0C22F21338003A3151 /* OrderTableViewCell.swift in Sources */,
				3284663922EF479500C15C62 /* AppDelegate.swift in Sources */,
				3284664D22EF48EA00C15C62 /* TweetTableViewController.swift in Sources */,
				324C4A2522F08FB3004B770C /* TweetTableViewCell.swift in Sources */,
			);
			runOnlyForDeploymentPostprocessing = 0;
		};
/* End PBXSourcesBuildPhase section */

/* Begin PBXVariantGroup section */
		3284663C22EF479500C15C62 /* Main.storyboard */ = {
			isa = PBXVariantGroup;
			children = (
				3284663D22EF479500C15C62 /* Base */,
			);
			name = Main.storyboard;
			sourceTree = "<group>";
		};
		3284664122EF479900C15C62 /* LaunchScreen.storyboard */ = {
			isa = PBXVariantGroup;
			children = (
				3284664222EF479900C15C62 /* Base */,
			);
			name = LaunchScreen.storyboard;
			sourceTree = "<group>";
		};
/* End PBXVariantGroup section */

/* Begin XCBuildConfiguration section */
		3284664522EF479900C15C62 /* Debug */ = {
			isa = XCBuildConfiguration;
			buildSettings = {
				ALWAYS_SEARCH_USER_PATHS = NO;
				CLANG_ANALYZER_NONNULL = YES;
				CLANG_ANALYZER_NUMBER_OBJECT_CONVERSION = YES_AGGRESSIVE;
				CLANG_CXX_LANGUAGE_STANDARD = "gnu++14";
				CLANG_CXX_LIBRARY = "libc++";
				CLANG_ENABLE_MODULES = YES;
				CLANG_ENABLE_OBJC_ARC = YES;
				CLANG_ENABLE_OBJC_WEAK = YES;
				CLANG_WARN_BLOCK_CAPTURE_AUTORELEASING = YES;
				CLANG_WARN_BOOL_CONVERSION = YES;
				CLANG_WARN_COMMA = YES;
				CLANG_WARN_CONSTANT_CONVERSION = YES;
				CLANG_WARN_DEPRECATED_OBJC_IMPLEMENTATIONS = YES;
				CLANG_WARN_DIRECT_OBJC_ISA_USAGE = YES_ERROR;
				CLANG_WARN_DOCUMENTATION_COMMENTS = YES;
				CLANG_WARN_EMPTY_BODY = YES;
				CLANG_WARN_ENUM_CONVERSION = YES;
				CLANG_WARN_INFINITE_RECURSION = YES;
				CLANG_WARN_INT_CONVERSION = YES;
				CLANG_WARN_NON_LITERAL_NULL_CONVERSION = YES;
				CLANG_WARN_OBJC_IMPLICIT_RETAIN_SELF = YES;
				CLANG_WARN_OBJC_LITERAL_CONVERSION = YES;
				CLANG_WARN_OBJC_ROOT_CLASS = YES_ERROR;
				CLANG_WARN_RANGE_LOOP_ANALYSIS = YES;
				CLANG_WARN_STRICT_PROTOTYPES = YES;
				CLANG_WARN_SUSPICIOUS_MOVE = YES;
				CLANG_WARN_UNGUARDED_AVAILABILITY = YES_AGGRESSIVE;
				CLANG_WARN_UNREACHABLE_CODE = YES;
				CLANG_WARN__DUPLICATE_METHOD_MATCH = YES;
				CODE_SIGN_IDENTITY = "iPhone Developer";
				COPY_PHASE_STRIP = NO;
				DEBUG_INFORMATION_FORMAT = dwarf;
				ENABLE_STRICT_OBJC_MSGSEND = YES;
				ENABLE_TESTABILITY = YES;
				GCC_C_LANGUAGE_STANDARD = gnu11;
				GCC_DYNAMIC_NO_PIC = NO;
				GCC_NO_COMMON_BLOCKS = YES;
				GCC_OPTIMIZATION_LEVEL = 0;
				GCC_PREPROCESSOR_DEFINITIONS = (
					"DEBUG=1",
					"$(inherited)",
				);
				GCC_WARN_64_TO_32_BIT_CONVERSION = YES;
				GCC_WARN_ABOUT_RETURN_TYPE = YES_ERROR;
				GCC_WARN_UNDECLARED_SELECTOR = YES;
				GCC_WARN_UNINITIALIZED_AUTOS = YES_AGGRESSIVE;
				GCC_WARN_UNUSED_FUNCTION = YES;
				GCC_WARN_UNUSED_VARIABLE = YES;
				IPHONEOS_DEPLOYMENT_TARGET = 12.2;
				MTL_ENABLE_DEBUG_INFO = INCLUDE_SOURCE;
				MTL_FAST_MATH = YES;
				ONLY_ACTIVE_ARCH = YES;
				SDKROOT = iphoneos;
				SWIFT_ACTIVE_COMPILATION_CONDITIONS = DEBUG;
				SWIFT_OPTIMIZATION_LEVEL = "-Onone";
			};
			name = Debug;
		};
		3284664622EF479900C15C62 /* Release */ = {
			isa = XCBuildConfiguration;
			buildSettings = {
				ALWAYS_SEARCH_USER_PATHS = NO;
				CLANG_ANALYZER_NONNULL = YES;
				CLANG_ANALYZER_NUMBER_OBJECT_CONVERSION = YES_AGGRESSIVE;
				CLANG_CXX_LANGUAGE_STANDARD = "gnu++14";
				CLANG_CXX_LIBRARY = "libc++";
				CLANG_ENABLE_MODULES = YES;
				CLANG_ENABLE_OBJC_ARC = YES;
				CLANG_ENABLE_OBJC_WEAK = YES;
				CLANG_WARN_BLOCK_CAPTURE_AUTORELEASING = YES;
				CLANG_WARN_BOOL_CONVERSION = YES;
				CLANG_WARN_COMMA = YES;
				CLANG_WARN_CONSTANT_CONVERSION = YES;
				CLANG_WARN_DEPRECATED_OBJC_IMPLEMENTATIONS = YES;
				CLANG_WARN_DIRECT_OBJC_ISA_USAGE = YES_ERROR;
				CLANG_WARN_DOCUMENTATION_COMMENTS = YES;
				CLANG_WARN_EMPTY_BODY = YES;
				CLANG_WARN_ENUM_CONVERSION = YES;
				CLANG_WARN_INFINITE_RECURSION = YES;
				CLANG_WARN_INT_CONVERSION = YES;
				CLANG_WARN_NON_LITERAL_NULL_CONVERSION = YES;
				CLANG_WARN_OBJC_IMPLICIT_RETAIN_SELF = YES;
				CLANG_WARN_OBJC_LITERAL_CONVERSION = YES;
				CLANG_WARN_OBJC_ROOT_CLASS = YES_ERROR;
				CLANG_WARN_RANGE_LOOP_ANALYSIS = YES;
				CLANG_WARN_STRICT_PROTOTYPES = YES;
				CLANG_WARN_SUSPICIOUS_MOVE = YES;
				CLANG_WARN_UNGUARDED_AVAILABILITY = YES_AGGRESSIVE;
				CLANG_WARN_UNREACHABLE_CODE = YES;
				CLANG_WARN__DUPLICATE_METHOD_MATCH = YES;
				CODE_SIGN_IDENTITY = "iPhone Developer";
				COPY_PHASE_STRIP = NO;
				DEBUG_INFORMATION_FORMAT = "dwarf-with-dsym";
				ENABLE_NS_ASSERTIONS = NO;
				ENABLE_STRICT_OBJC_MSGSEND = YES;
				GCC_C_LANGUAGE_STANDARD = gnu11;
				GCC_NO_COMMON_BLOCKS = YES;
				GCC_WARN_64_TO_32_BIT_CONVERSION = YES;
				GCC_WARN_ABOUT_RETURN_TYPE = YES_ERROR;
				GCC_WARN_UNDECLARED_SELECTOR = YES;
				GCC_WARN_UNINITIALIZED_AUTOS = YES_AGGRESSIVE;
				GCC_WARN_UNUSED_FUNCTION = YES;
				GCC_WARN_UNUSED_VARIABLE = YES;
				IPHONEOS_DEPLOYMENT_TARGET = 12.2;
				MTL_ENABLE_DEBUG_INFO = NO;
				MTL_FAST_MATH = YES;
				SDKROOT = iphoneos;
				SWIFT_COMPILATION_MODE = wholemodule;
				SWIFT_OPTIMIZATION_LEVEL = "-O";
				VALIDATE_PRODUCT = YES;
			};
			name = Release;
		};
		3284664822EF479900C15C62 /* Debug */ = {
			isa = XCBuildConfiguration;
			buildSettings = {
				ASSETCATALOG_COMPILER_APPICON_NAME = AppIcon;
				CODE_SIGN_STYLE = Automatic;
				DEVELOPMENT_TEAM = 98C5JQ347Z;
				INFOPLIST_FILE = TwitterDemo/Info.plist;
				IPHONEOS_DEPLOYMENT_TARGET = 10.3;
				LD_RUNPATH_SEARCH_PATHS = (
					"$(inherited)",
					"@executable_path/Frameworks",
				);
				PRODUCT_BUNDLE_IDENTIFIER = Zachary.Maciejewski.TwitterDemo;
				PRODUCT_NAME = "$(TARGET_NAME)";
				SWIFT_VERSION = 5.0;
				TARGETED_DEVICE_FAMILY = "1,2";
			};
			name = Debug;
		};
		3284664922EF479900C15C62 /* Release */ = {
			isa = XCBuildConfiguration;
			buildSettings = {
				ASSETCATALOG_COMPILER_APPICON_NAME = AppIcon;
				CODE_SIGN_STYLE = Automatic;
				DEVELOPMENT_TEAM = 98C5JQ347Z;
				INFOPLIST_FILE = TwitterDemo/Info.plist;
				IPHONEOS_DEPLOYMENT_TARGET = 10.3;
				LD_RUNPATH_SEARCH_PATHS = (
					"$(inherited)",
					"@executable_path/Frameworks",
				);
				PRODUCT_BUNDLE_IDENTIFIER = Zachary.Maciejewski.TwitterDemo;
				PRODUCT_NAME = "$(TARGET_NAME)";
				SWIFT_VERSION = 5.0;
				TARGETED_DEVICE_FAMILY = "1,2";
			};
			name = Release;
		};
/* End XCBuildConfiguration section */

/* Begin XCConfigurationList section */
		3284663022EF479500C15C62 /* Build configuration list for PBXProject "TwitterDemo" */ = {
			isa = XCConfigurationList;
			buildConfigurations = (
				3284664522EF479900C15C62 /* Debug */,
				3284664622EF479900C15C62 /* Release */,
			);
			defaultConfigurationIsVisible = 0;
			defaultConfigurationName = Release;
		};
		3284664722EF479900C15C62 /* Build configuration list for PBXNativeTarget "TwitterDemo" */ = {
			isa = XCConfigurationList;
			buildConfigurations = (
				3284664822EF479900C15C62 /* Debug */,
				3284664922EF479900C15C62 /* Release */,
			);
			defaultConfigurationIsVisible = 0;
			defaultConfigurationName = Release;
		};
/* End XCConfigurationList section */
	};
	rootObject = 3284662D22EF479500C15C62 /* Project object */;
}
